
Microsoft Visual Studio Solution File, Format Version 12.00
# Visual Studio 15
VisualStudioVersion = 15.0.27130.2003
MinimumVisualStudioVersion = 10.0.40219.1
Project("{FAE04EC0-301F-11D3-BF4B-00C04F79EFBC}") = "MyAgencyVault.ServiceWcf", "MyAgencyVault.ServiceWcf.csproj", "{03E43164-DE9F-4328-BDD4-5901BD85759A}"
EndProject
Project("{FAE04EC0-301F-11D3-BF4B-00C04F79EFBC}") = "ActionLogger", "..\ActionLogger\ActionLogger.csproj", "{BC3C3044-F3BE-4D57-9D6F-50EF7A0BABE9}"
EndProject
Project("{FAE04EC0-301F-11D3-BF4B-00C04F79EFBC}") = "MyAgencyVault.BusinessLibrary", "..\MyAgencyVault.BusinessLibrary\MyAgencyVault.BusinessLibrary.csproj", "{EEE1FA9E-FF1E-4E88-87DE-AEC013AC1124}"
EndProject
Project("{FAE04EC0-301F-11D3-BF4B-00C04F79EFBC}") = "MyAgencyVault.DataAccessLayer", "..\MyAgencyVault.DataAccessLayer\MyAgencyVault.DataAccessLayer.csproj", "{DC1B4809-28A9-4192-8BEA-2FAC0D68C291}"
EndProject
Project("{FAE04EC0-301F-11D3-BF4B-00C04F79EFBC}") = "MyAgencyVault.EmailFax", "..\MyAgencyVault.EmailFax\MyAgencyVault.EmailFax.csproj", "{284093B8-C59A-4274-8446-D7C0C624ED08}"
EndProject
Project("{FAE04EC0-301F-11D3-BF4B-00C04F79EFBC}") = "CCWGoogleMaps", "..\..\Local SVN\WebAPI\API\Googlemaps\CCWGoogleMaps.csproj", "{FB1810DD-62A0-4247-8725-3077E334F8F1}"
EndProject
Global
	GlobalSection(SolutionConfigurationPlatforms) = preSolution
		Debug|Any CPU = Debug|Any CPU
		Debug|x64 = Debug|x64
		Debug|x86 = Debug|x86
		QA|Any CPU = QA|Any CPU
		QA|x64 = QA|x64
		QA|x86 = QA|x86
		Release|Any CPU = Release|Any CPU
		Release|x64 = Release|x64
		Release|x86 = Release|x86
		Staging|Any CPU = Staging|Any CPU
		Staging|x64 = Staging|x64
		Staging|x86 = Staging|x86
	EndGlobalSection
	GlobalSection(ProjectConfigurationPlatforms) = postSolution
		{03E43164-DE9F-4328-BDD4-5901BD85759A}.Debug|Any CPU.ActiveCfg = Debug|Any CPU
		{03E43164-DE9F-4328-BDD4-5901BD85759A}.Debug|Any CPU.Build.0 = Debug|Any CPU
		{03E43164-DE9F-4328-BDD4-5901BD85759A}.Debug|x64.ActiveCfg = Debug|x64
		{03E43164-DE9F-4328-BDD4-5901BD85759A}.Debug|x64.Build.0 = Debug|x64
		{03E43164-DE9F-4328-BDD4-5901BD85759A}.Debug|x86.ActiveCfg = Debug|x86
		{03E43164-DE9F-4328-BDD4-5901BD85759A}.Debug|x86.Build.0 = Debug|x86
		{03E43164-DE9F-4328-BDD4-5901BD85759A}.QA|Any CPU.ActiveCfg = QA|Any CPU
		{03E43164-DE9F-4328-BDD4-5901BD85759A}.QA|Any CPU.Build.0 = QA|Any CPU
		{03E43164-DE9F-4328-BDD4-5901BD85759A}.QA|x64.ActiveCfg = QA|x64
		{03E43164-DE9F-4328-BDD4-5901BD85759A}.QA|x64.Build.0 = QA|x64
		{03E43164-DE9F-4328-BDD4-5901BD85759A}.QA|x86.ActiveCfg = QA|x86
		{03E43164-DE9F-4328-BDD4-5901BD85759A}.QA|x86.Build.0 = QA|x86
		{03E43164-DE9F-4328-BDD4-5901BD85759A}.Release|Any CPU.ActiveCfg = Release|Any CPU
		{03E43164-DE9F-4328-BDD4-5901BD85759A}.Release|Any CPU.Build.0 = Release|Any CPU
		{03E43164-DE9F-4328-BDD4-5901BD85759A}.Release|x64.ActiveCfg = Release|x64
		{03E43164-DE9F-4328-BDD4-5901BD85759A}.Release|x64.Build.0 = Release|x64
		{03E43164-DE9F-4328-BDD4-5901BD85759A}.Release|x86.ActiveCfg = Release|x86
		{03E43164-DE9F-4328-BDD4-5901BD85759A}.Release|x86.Build.0 = Release|x86
		{03E43164-DE9F-4328-BDD4-5901BD85759A}.Staging|Any CPU.ActiveCfg = Staging|Any CPU
		{03E43164-DE9F-4328-BDD4-5901BD85759A}.Staging|Any CPU.Build.0 = Staging|Any CPU
		{03E43164-DE9F-4328-BDD4-5901BD85759A}.Staging|x64.ActiveCfg = Staging|x64
		{03E43164-DE9F-4328-BDD4-5901BD85759A}.Staging|x64.Build.0 = Staging|x64
		{03E43164-DE9F-4328-BDD4-5901BD85759A}.Staging|x86.ActiveCfg = Staging|x86
		{03E43164-DE9F-4328-BDD4-5901BD85759A}.Staging|x86.Build.0 = Staging|x86
		{BC3C3044-F3BE-4D57-9D6F-50EF7A0BABE9}.Debug|Any CPU.ActiveCfg = Debug|Any CPU
		{BC3C3044-F3BE-4D57-9D6F-50EF7A0BABE9}.Debug|Any CPU.Build.0 = Debug|Any CPU
		{BC3C3044-F3BE-4D57-9D6F-50EF7A0BABE9}.Debug|x64.ActiveCfg = Debug|x86
		{BC3C3044-F3BE-4D57-9D6F-50EF7A0BABE9}.Debug|x86.ActiveCfg = Debug|x86
		{BC3C3044-F3BE-4D57-9D6F-50EF7A0BABE9}.Debug|x86.Build.0 = Debug|x86
		{BC3C3044-F3BE-4D57-9D6F-50EF7A0BABE9}.QA|Any CPU.ActiveCfg = Release|Any CPU
		{BC3C3044-F3BE-4D57-9D6F-50EF7A0BABE9}.QA|Any CPU.Build.0 = Release|Any CPU
		{BC3C3044-F3BE-4D57-9D6F-50EF7A0BABE9}.QA|x64.ActiveCfg = Release|Any CPU
		{BC3C3044-F3BE-4D57-9D6F-50EF7A0BABE9}.QA|x64.Build.0 = Release|Any CPU
		{BC3C3044-F3BE-4D57-9D6F-50EF7A0BABE9}.QA|x86.ActiveCfg = Release|x86
		{BC3C3044-F3BE-4D57-9D6F-50EF7A0BABE9}.QA|x86.Build.0 = Release|x86
		{BC3C3044-F3BE-4D57-9D6F-50EF7A0BABE9}.Release|Any CPU.ActiveCfg = Release|Any CPU
		{BC3C3044-F3BE-4D57-9D6F-50EF7A0BABE9}.Release|Any CPU.Build.0 = Release|Any CPU
		{BC3C3044-F3BE-4D57-9D6F-50EF7A0BABE9}.Release|x64.ActiveCfg = Release|x86
		{BC3C3044-F3BE-4D57-9D6F-50EF7A0BABE9}.Release|x86.ActiveCfg = Release|x86
		{BC3C3044-F3BE-4D57-9D6F-50EF7A0BABE9}.Release|x86.Build.0 = Release|x86
		{BC3C3044-F3BE-4D57-9D6F-50EF7A0BABE9}.Staging|Any CPU.ActiveCfg = Release|Any CPU
		{BC3C3044-F3BE-4D57-9D6F-50EF7A0BABE9}.Staging|Any CPU.Build.0 = Release|Any CPU
		{BC3C3044-F3BE-4D57-9D6F-50EF7A0BABE9}.Staging|x64.ActiveCfg = Release|Any CPU
		{BC3C3044-F3BE-4D57-9D6F-50EF7A0BABE9}.Staging|x64.Build.0 = Release|Any CPU
		{BC3C3044-F3BE-4D57-9D6F-50EF7A0BABE9}.Staging|x86.ActiveCfg = Release|x86
		{BC3C3044-F3BE-4D57-9D6F-50EF7A0BABE9}.Staging|x86.Build.0 = Release|x86
		{EEE1FA9E-FF1E-4E88-87DE-AEC013AC1124}.Debug|Any CPU.ActiveCfg = Debug|Any CPU
		{EEE1FA9E-FF1E-4E88-87DE-AEC013AC1124}.Debug|Any CPU.Build.0 = Debug|Any CPU
		{EEE1FA9E-FF1E-4E88-87DE-AEC013AC1124}.Debug|x64.ActiveCfg = Debug|x86
		{EEE1FA9E-FF1E-4E88-87DE-AEC013AC1124}.Debug|x86.ActiveCfg = Debug|x86
		{EEE1FA9E-FF1E-4E88-87DE-AEC013AC1124}.Debug|x86.Build.0 = Debug|x86
		{EEE1FA9E-FF1E-4E88-87DE-AEC013AC1124}.QA|Any CPU.ActiveCfg = Release|Any CPU
		{EEE1FA9E-FF1E-4E88-87DE-AEC013AC1124}.QA|Any CPU.Build.0 = Release|Any CPU
		{EEE1FA9E-FF1E-4E88-87DE-AEC013AC1124}.QA|x64.ActiveCfg = Release|Any CPU
		{EEE1FA9E-FF1E-4E88-87DE-AEC013AC1124}.QA|x64.Build.0 = Release|Any CPU
		{EEE1FA9E-FF1E-4E88-87DE-AEC013AC1124}.QA|x86.ActiveCfg = Release|x86
		{EEE1FA9E-FF1E-4E88-87DE-AEC013AC1124}.QA|x86.Build.0 = Release|x86
		{EEE1FA9E-FF1E-4E88-87DE-AEC013AC1124}.Release|Any CPU.ActiveCfg = Release|Any CPU
		{EEE1FA9E-FF1E-4E88-87DE-AEC013AC1124}.Release|Any CPU.Build.0 = Release|Any CPU
		{EEE1FA9E-FF1E-4E88-87DE-AEC013AC1124}.Release|x64.ActiveCfg = Release|x86
		{EEE1FA9E-FF1E-4E88-87DE-AEC013AC1124}.Release|x86.ActiveCfg = Release|x86
		{EEE1FA9E-FF1E-4E88-87DE-AEC013AC1124}.Release|x86.Build.0 = Release|x86
		{EEE1FA9E-FF1E-4E88-87DE-AEC013AC1124}.Staging|Any CPU.ActiveCfg = Release|Any CPU
		{EEE1FA9E-FF1E-4E88-87DE-AEC013AC1124}.Staging|Any CPU.Build.0 = Release|Any CPU
		{EEE1FA9E-FF1E-4E88-87DE-AEC013AC1124}.Staging|x64.ActiveCfg = Release|Any CPU
		{EEE1FA9E-FF1E-4E88-87DE-AEC013AC1124}.Staging|x64.Build.0 = Release|Any CPU
		{EEE1FA9E-FF1E-4E88-87DE-AEC013AC1124}.Staging|x86.ActiveCfg = Release|x86
		{EEE1FA9E-FF1E-4E88-87DE-AEC013AC1124}.Staging|x86.Build.0 = Release|x86
		{DC1B4809-28A9-4192-8BEA-2FAC0D68C291}.Debug|Any CPU.ActiveCfg = Debug|Any CPU
		{DC1B4809-28A9-4192-8BEA-2FAC0D68C291}.Debug|Any CPU.Build.0 = Debug|Any CPU
		{DC1B4809-28A9-4192-8BEA-2FAC0D68C291}.Debug|x64.ActiveCfg = Debug|x86
		{DC1B4809-28A9-4192-8BEA-2FAC0D68C291}.Debug|x86.ActiveCfg = Debug|x86
		{DC1B4809-28A9-4192-8BEA-2FAC0D68C291}.Debug|x86.Build.0 = Debug|x86
		{DC1B4809-28A9-4192-8BEA-2FAC0D68C291}.QA|Any CPU.ActiveCfg = Release|Any CPU
		{DC1B4809-28A9-4192-8BEA-2FAC0D68C291}.QA|Any CPU.Build.0 = Release|Any CPU
		{DC1B4809-28A9-4192-8BEA-2FAC0D68C291}.QA|x64.ActiveCfg = Release|Any CPU
		{DC1B4809-28A9-4192-8BEA-2FAC0D68C291}.QA|x64.Build.0 = Release|Any CPU
		{DC1B4809-28A9-4192-8BEA-2FAC0D68C291}.QA|x86.ActiveCfg = Release|x86
		{DC1B4809-28A9-4192-8BEA-2FAC0D68C291}.QA|x86.Build.0 = Release|x86
		{DC1B4809-28A9-4192-8BEA-2FAC0D68C291}.Release|Any CPU.ActiveCfg = Release|Any CPU
		{DC1B4809-28A9-4192-8BEA-2FAC0D68C291}.Release|Any CPU.Build.0 = Release|Any CPU
		{DC1B4809-28A9-4192-8BEA-2FAC0D68C291}.Release|x64.ActiveCfg = Release|x86
		{DC1B4809-28A9-4192-8BEA-2FAC0D68C291}.Release|x86.ActiveCfg = Release|x86
		{DC1B4809-28A9-4192-8BEA-2FAC0D68C291}.Release|x86.Build.0 = Release|x86
		{DC1B4809-28A9-4192-8BEA-2FAC0D68C291}.Staging|Any CPU.ActiveCfg = Release|Any CPU
		{DC1B4809-28A9-4192-8BEA-2FAC0D68C291}.Staging|Any CPU.Build.0 = Release|Any CPU
		{DC1B4809-28A9-4192-8BEA-2FAC0D68C291}.Staging|x64.ActiveCfg = Release|Any CPU
		{DC1B4809-28A9-4192-8BEA-2FAC0D68C291}.Staging|x64.Build.0 = Release|Any CPU
		{DC1B4809-28A9-4192-8BEA-2FAC0D68C291}.Staging|x86.ActiveCfg = Release|x86
		{DC1B4809-28A9-4192-8BEA-2FAC0D68C291}.Staging|x86.Build.0 = Release|x86
		{284093B8-C59A-4274-8446-D7C0C624ED08}.Debug|Any CPU.ActiveCfg = Debug|Any CPU
		{284093B8-C59A-4274-8446-D7C0C624ED08}.Debug|Any CPU.Build.0 = Debug|Any CPU
		{284093B8-C59A-4274-8446-D7C0C624ED08}.Debug|x64.ActiveCfg = Debug|x86
		{284093B8-C59A-4274-8446-D7C0C624ED08}.Debug|x86.ActiveCfg = Debug|x86
		{284093B8-C59A-4274-8446-D7C0C624ED08}.Debug|x86.Build.0 = Debug|x86
		{284093B8-C59A-4274-8446-D7C0C624ED08}.QA|Any CPU.ActiveCfg = Release|Any CPU
		{284093B8-C59A-4274-8446-D7C0C624ED08}.QA|Any CPU.Build.0 = Release|Any CPU
		{284093B8-C59A-4274-8446-D7C0C624ED08}.QA|x64.ActiveCfg = Release|Any CPU
		{284093B8-C59A-4274-8446-D7C0C624ED08}.QA|x64.Build.0 = Release|Any CPU
		{284093B8-C59A-4274-8446-D7C0C624ED08}.QA|x86.ActiveCfg = Release|x86
		{284093B8-C59A-4274-8446-D7C0C624ED08}.QA|x86.Build.0 = Release|x86
		{284093B8-C59A-4274-8446-D7C0C624ED08}.Release|Any CPU.ActiveCfg = Release|Any CPU
		{284093B8-C59A-4274-8446-D7C0C624ED08}.Release|Any CPU.Build.0 = Release|Any CPU
		{284093B8-C59A-4274-8446-D7C0C624ED08}.Release|x64.ActiveCfg = Release|x86
		{284093B8-C59A-4274-8446-D7C0C624ED08}.Release|x86.ActiveCfg = Release|x86
		{284093B8-C59A-4274-8446-D7C0C624ED08}.Release|x86.Build.0 = Release|x86
		{284093B8-C59A-4274-8446-D7C0C624ED08}.Staging|Any CPU.ActiveCfg = Release|Any CPU
		{284093B8-C59A-4274-8446-D7C0C624ED08}.Staging|Any CPU.Build.0 = Release|Any CPU
		{284093B8-C59A-4274-8446-D7C0C624ED08}.Staging|x64.ActiveCfg = Release|Any CPU
		{284093B8-C59A-4274-8446-D7C0C624ED08}.Staging|x64.Build.0 = Release|Any CPU
		{284093B8-C59A-4274-8446-D7C0C624ED08}.Staging|x86.ActiveCfg = Release|x86
		{284093B8-C59A-4274-8446-D7C0C624ED08}.Staging|x86.Build.0 = Release|x86
		{FB1810DD-62A0-4247-8725-3077E334F8F1}.Debug|Any CPU.ActiveCfg = Debug|Any CPU
		{FB1810DD-62A0-4247-8725-3077E334F8F1}.Debug|Any CPU.Build.0 = Debug|Any CPU
		{FB1810DD-62A0-4247-8725-3077E334F8F1}.Debug|x64.ActiveCfg = Debug|Any CPU
		{FB1810DD-62A0-4247-8725-3077E334F8F1}.Debug|x64.Build.0 = Debug|Any CPU
		{FB1810DD-62A0-4247-8725-3077E334F8F1}.Debug|x86.ActiveCfg = Debug|Any CPU
		{FB1810DD-62A0-4247-8725-3077E334F8F1}.Debug|x86.Build.0 = Debug|Any CPU
		{FB1810DD-62A0-4247-8725-3077E334F8F1}.QA|Any CPU.ActiveCfg = Release|Any CPU
		{FB1810DD-62A0-4247-8725-3077E334F8F1}.QA|Any CPU.Build.0 = Release|Any CPU
		{FB1810DD-62A0-4247-8725-3077E334F8F1}.QA|x64.ActiveCfg = Release|Any CPU
		{FB1810DD-62A0-4247-8725-3077E334F8F1}.QA|x64.Build.0 = Release|Any CPU
		{FB1810DD-62A0-4247-8725-3077E334F8F1}.QA|x86.ActiveCfg = Release|Any CPU
		{FB1810DD-62A0-4247-8725-3077E334F8F1}.QA|x86.Build.0 = Release|Any CPU
		{FB1810DD-62A0-4247-8725-3077E334F8F1}.Release|Any CPU.ActiveCfg = Release|Any CPU
		{FB1810DD-62A0-4247-8725-3077E334F8F1}.Release|Any CPU.Build.0 = Release|Any CPU
		{FB1810DD-62A0-4247-8725-3077E334F8F1}.Release|x64.ActiveCfg = Release|Any CPU
		{FB1810DD-62A0-4247-8725-3077E334F8F1}.Release|x64.Build.0 = Release|Any CPU
		{FB1810DD-62A0-4247-8725-3077E334F8F1}.Release|x86.ActiveCfg = Release|Any CPU
		{FB1810DD-62A0-4247-8725-3077E334F8F1}.Release|x86.Build.0 = Release|Any CPU
		{FB1810DD-62A0-4247-8725-3077E334F8F1}.Staging|Any CPU.ActiveCfg = Release|Any CPU
		{FB1810DD-62A0-4247-8725-3077E334F8F1}.Staging|Any CPU.Build.0 = Release|Any CPU
		{FB1810DD-62A0-4247-8725-3077E334F8F1}.Staging|x64.ActiveCfg = Release|Any CPU
		{FB1810DD-62A0-4247-8725-3077E334F8F1}.Staging|x64.Build.0 = Release|Any CPU
		{FB1810DD-62A0-4247-8725-3077E334F8F1}.Staging|x86.ActiveCfg = Release|Any CPU
		{FB1810DD-62A0-4247-8725-3077E334F8F1}.Staging|x86.Build.0 = Release|Any CPU
	EndGlobalSection
	GlobalSection(SolutionProperties) = preSolution
		HideSolutionNode = FALSE
	EndGlobalSection
	GlobalSection(ExtensibilityGlobals) = postSolution
		SolutionGuid = {2FC91CBF-0BCC-4573-8245-DFE677D02472}
	EndGlobalSection
EndGlobal
